
Microsoft Visual Studio Solution File, Format Version 12.00
# Visual Studio Version 17
VisualStudioVersion = 17.3.32929.385
MinimumVisualStudioVersion = 10.0.40219.1
Project("{9A19103F-16F7-4668-BE54-9A1E7A4F7556}") = "Users", "Users.csproj", "{550C7DF2-1D61-4336-911C-049EB28AE904}"
EndProject
Global
	GlobalSection(SolutionConfigurationPlatforms) = preSolution
		Debug|Any CPU = Debug|Any CPU
		Release|Any CPU = Release|Any CPU
	EndGlobalSection
	GlobalSection(ProjectConfigurationPlatforms) = postSolution
		{550C7DF2-1D61-4336-911C-049EB28AE904}.Debug|Any CPU.ActiveCfg = Debug|Any CPU
		{550C7DF2-1D61-4336-911C-049EB28AE904}.Debug|Any CPU.Build.0 = Debug|Any CPU
		{550C7DF2-1D61-4336-911C-049EB28AE904}.Release|Any CPU.ActiveCfg = Release|Any CPU
		{550C7DF2-1D61-4336-911C-049EB28AE904}.Release|Any CPU.Build.0 = Release|Any CPU
	EndGlobalSection
	GlobalSection(SolutionProperties) = preSolution
		HideSolutionNode = FALSE
	EndGlobalSection
	GlobalSection(ExtensibilityGlobals) = postSolution
		SolutionGuid = {978ED9E9-B9E4-4C37-8CC2-36BA48B98822}
	EndGlobalSection
EndGlobal
